
Microsoft Visual Studio Solution File, Format Version 12.00
# Visual Studio Version 16
VisualStudioVersion = 16.0.31313.381
MinimumVisualStudioVersion = 10.0.40219.1
Project("{8BC9CEB8-8B4A-11D0-8D11-00A0C91BC942}") = "FixWindowTitle", "Sonic Generations\FixWindowTitle\FixWindowTitle.vcxproj", "{0B047D67-6A8E-4DDF-A898-175651364E3C}"
EndProject
Project("{8BC9CEB8-8B4A-11D0-8D11-00A0C91BC942}") = "ForcesHUD", "Sonic Generations\ForcesHUD\ForcesHUD.vcxproj", "{593DB095-44A2-4CE1-B2E1-0F952D8DD7D7}"
EndProject
Project("{8BC9CEB8-8B4A-11D0-8D11-00A0C91BC942}") = "ScoreGenerations", "Sonic Generations\ScoreGenerations\ScoreGenerations.vcxproj", "{CF11FC10-0829-4D91-BCBE-A1D3BCC5A5AC}"
EndProject
Project("{8BC9CEB8-8B4A-11D0-8D11-00A0C91BC942}") = "TailsDashRingsInStages", "Sonic Generations\TailsDashRingsInStages\TailsDashRingsInStages.vcxproj", "{DE8FE174-3508-4A39-9EEF-A4A04078B329}"
EndProject
Project("{8BC9CEB8-8B4A-11D0-8D11-00A0C91BC942}") = "RestoreTimeBreakMusic", "Sonic Generations\RestoreTimeBreakMusic\RestoreTimeBreakMusic.vcxproj", "{020654BF-9913-47E2-9573-055EC4ADCA95}"
EndProject
Project("{8BC9CEB8-8B4A-11D0-8D11-00A0C91BC942}") = "UnleashedCrawl", "Sonic Generations\UnleashedCrawl\UnleashedCrawl.vcxproj", "{779E651E-C9B5-4935-918C-D0A055DAA4B5}"
EndProject
Global
	GlobalSection(SolutionConfigurationPlatforms) = preSolution
		Debug|x86 = Debug|x86
		Release|x86 = Release|x86
	EndGlobalSection
	GlobalSection(ProjectConfigurationPlatforms) = postSolution
		{0B047D67-6A8E-4DDF-A898-175651364E3C}.Debug|x86.ActiveCfg = Debug|Win32
		{0B047D67-6A8E-4DDF-A898-175651364E3C}.Debug|x86.Build.0 = Debug|Win32
		{0B047D67-6A8E-4DDF-A898-175651364E3C}.Release|x86.ActiveCfg = Release|Win32
		{0B047D67-6A8E-4DDF-A898-175651364E3C}.Release|x86.Build.0 = Release|Win32
		{593DB095-44A2-4CE1-B2E1-0F952D8DD7D7}.Debug|x86.ActiveCfg = Debug|Win32
		{593DB095-44A2-4CE1-B2E1-0F952D8DD7D7}.Debug|x86.Build.0 = Debug|Win32
		{593DB095-44A2-4CE1-B2E1-0F952D8DD7D7}.Release|x86.ActiveCfg = Release|Win32
		{593DB095-44A2-4CE1-B2E1-0F952D8DD7D7}.Release|x86.Build.0 = Release|Win32
		{CF11FC10-0829-4D91-BCBE-A1D3BCC5A5AC}.Debug|x86.ActiveCfg = Debug|Win32
		{CF11FC10-0829-4D91-BCBE-A1D3BCC5A5AC}.Debug|x86.Build.0 = Debug|Win32
		{CF11FC10-0829-4D91-BCBE-A1D3BCC5A5AC}.Release|x86.ActiveCfg = Release|Win32
		{CF11FC10-0829-4D91-BCBE-A1D3BCC5A5AC}.Release|x86.Build.0 = Release|Win32
		{DE8FE174-3508-4A39-9EEF-A4A04078B329}.Debug|x86.ActiveCfg = Debug|Win32
		{DE8FE174-3508-4A39-9EEF-A4A04078B329}.Debug|x86.Build.0 = Debug|Win32
		{DE8FE174-3508-4A39-9EEF-A4A04078B329}.Release|x86.ActiveCfg = Release|Win32
		{DE8FE174-3508-4A39-9EEF-A4A04078B329}.Release|x86.Build.0 = Release|Win32
		{020654BF-9913-47E2-9573-055EC4ADCA95}.Debug|x86.ActiveCfg = Debug|Win32
		{020654BF-9913-47E2-9573-055EC4ADCA95}.Debug|x86.Build.0 = Debug|Win32
		{020654BF-9913-47E2-9573-055EC4ADCA95}.Release|x86.ActiveCfg = Release|Win32
		{020654BF-9913-47E2-9573-055EC4ADCA95}.Release|x86.Build.0 = Release|Win32
		{779E651E-C9B5-4935-918C-D0A055DAA4B5}.Debug|x86.ActiveCfg = Debug|Win32
		{779E651E-C9B5-4935-918C-D0A055DAA4B5}.Debug|x86.Build.0 = Debug|Win32
		{779E651E-C9B5-4935-918C-D0A055DAA4B5}.Release|x86.ActiveCfg = Release|Win32
		{779E651E-C9B5-4935-918C-D0A055DAA4B5}.Release|x86.Build.0 = Release|Win32
	EndGlobalSection
	GlobalSection(SolutionProperties) = preSolution
		HideSolutionNode = FALSE
	EndGlobalSection
	GlobalSection(ExtensibilityGlobals) = postSolution
		SolutionGuid = {4F076418-A367-4ED3-AA5F-62D6F64D51D3}
	EndGlobalSection
EndGlobal
