
Microsoft Visual Studio Solution File, Format Version 12.00
# Visual Studio Version 17
VisualStudioVersion = 17.4.33103.184
MinimumVisualStudioVersion = 10.0.40219.1
Project("{8BC9CEB8-8B4A-11D0-8D11-00A0C91BC942}") = "IslandMusicCustomiser", "Sonic Frontiers\IslandMusicCustomiser\IslandMusicCustomiser.vcxproj", "{F83DD0D0-323D-4BD9-ABC1-FD412CA8ED85}"
EndProject
Project("{8BC9CEB8-8B4A-11D0-8D11-00A0C91BC942}") = "CombatDX", "Sonic Frontiers\CombatDX\CombatDX.vcxproj", "{B87A269C-5A69-49C3-8CAF-1548B442B158}"
EndProject
Project("{8BC9CEB8-8B4A-11D0-8D11-00A0C91BC942}") = "RealTimeAndWeather", "Sonic Frontiers\RealTimeAndWeather\RealTimeAndWeather.vcxproj", "{3B1FACDC-2FB9-4CE7-ABF7-9F88E9F9501E}"
	ProjectSection(ProjectDependencies) = postProject
		{62E332FF-297D-4307-B488-878B5C146BD7} = {62E332FF-297D-4307-B488-878B5C146BD7}
	EndProjectSection
EndProject
Project("{FAE04EC0-301F-11D3-BF4B-00C04F79EFBC}") = "RealTimeAndWeather.Utility", "Sonic Frontiers\RealTimeAndWeather\Utility\RealTimeAndWeather.Utility.csproj", "{62E332FF-297D-4307-B488-878B5C146BD7}"
EndProject
Project("{8BC9CEB8-8B4A-11D0-8D11-00A0C91BC942}") = "DiscordFrontiers", "Sonic Frontiers\DiscordFrontiers\DiscordFrontiers.vcxproj", "{FDF92AC7-45DC-4AA9-8D70-61C2A5851708}"
EndProject
Project("{8BC9CEB8-8B4A-11D0-8D11-00A0C91BC942}") = "BossSelect", "Sonic Frontiers\BossSelect\BossSelect.vcxproj", "{F061BACB-76B8-4D8C-B3FB-6929F6F4105F}"
EndProject
Project("{9A19103F-16F7-4668-BE54-9A1E7A4F7556}") = "BT2CPP", "Sonic Frontiers\BT2CPP\BT2CPP.csproj", "{C650FDA7-8AB5-4C12-A1FD-18D2BFFEE36C}"
EndProject
EndProject
Project("{8BC9CEB8-8B4A-11D0-8D11-00A0C91BC942}") = "DisableSkills", "Sonic Frontiers\DisableSkills\DisableSkills.vcxproj", "{6DEA2DF8-31B3-4EF0-A198-742DCBA8CC66}"
EndProject
Project("{8BC9CEB8-8B4A-11D0-8D11-00A0C91BC942}") = "EnhancedDash", "Sonic Frontiers\EnhancedDash\EnhancedDash.vcxproj", "{445E3608-3DCF-45A7-AB70-86DA906CE4E5}"
EndProject
Global
	GlobalSection(SolutionConfigurationPlatforms) = preSolution
		Debug|Any CPU = Debug|Any CPU
		Debug|x64 = Debug|x64
		Debug|x86 = Debug|x86
		Release|Any CPU = Release|Any CPU
		Release|x64 = Release|x64
		Release|x86 = Release|x86
	EndGlobalSection
	GlobalSection(ProjectConfigurationPlatforms) = postSolution
		{F83DD0D0-323D-4BD9-ABC1-FD412CA8ED85}.Debug|Any CPU.ActiveCfg = Debug|x64
		{F83DD0D0-323D-4BD9-ABC1-FD412CA8ED85}.Debug|Any CPU.Build.0 = Debug|x64
		{F83DD0D0-323D-4BD9-ABC1-FD412CA8ED85}.Debug|x64.ActiveCfg = Debug|x64
		{F83DD0D0-323D-4BD9-ABC1-FD412CA8ED85}.Debug|x64.Build.0 = Debug|x64
		{F83DD0D0-323D-4BD9-ABC1-FD412CA8ED85}.Debug|x86.ActiveCfg = Debug|Win32
		{F83DD0D0-323D-4BD9-ABC1-FD412CA8ED85}.Debug|x86.Build.0 = Debug|Win32
		{F83DD0D0-323D-4BD9-ABC1-FD412CA8ED85}.Release|Any CPU.ActiveCfg = Release|x64
		{F83DD0D0-323D-4BD9-ABC1-FD412CA8ED85}.Release|Any CPU.Build.0 = Release|x64
		{F83DD0D0-323D-4BD9-ABC1-FD412CA8ED85}.Release|x64.ActiveCfg = Release|x64
		{F83DD0D0-323D-4BD9-ABC1-FD412CA8ED85}.Release|x64.Build.0 = Release|x64
		{F83DD0D0-323D-4BD9-ABC1-FD412CA8ED85}.Release|x86.ActiveCfg = Release|Win32
		{F83DD0D0-323D-4BD9-ABC1-FD412CA8ED85}.Release|x86.Build.0 = Release|Win32
		{B87A269C-5A69-49C3-8CAF-1548B442B158}.Debug|Any CPU.ActiveCfg = Debug|x64
		{B87A269C-5A69-49C3-8CAF-1548B442B158}.Debug|Any CPU.Build.0 = Debug|x64
		{B87A269C-5A69-49C3-8CAF-1548B442B158}.Debug|x64.ActiveCfg = Debug|x64
		{B87A269C-5A69-49C3-8CAF-1548B442B158}.Debug|x64.Build.0 = Debug|x64
		{B87A269C-5A69-49C3-8CAF-1548B442B158}.Debug|x86.ActiveCfg = Debug|Win32
		{B87A269C-5A69-49C3-8CAF-1548B442B158}.Debug|x86.Build.0 = Debug|Win32
		{B87A269C-5A69-49C3-8CAF-1548B442B158}.Release|Any CPU.ActiveCfg = Release|x64
		{B87A269C-5A69-49C3-8CAF-1548B442B158}.Release|Any CPU.Build.0 = Release|x64
		{B87A269C-5A69-49C3-8CAF-1548B442B158}.Release|x64.ActiveCfg = Release|x64
		{B87A269C-5A69-49C3-8CAF-1548B442B158}.Release|x64.Build.0 = Release|x64
		{B87A269C-5A69-49C3-8CAF-1548B442B158}.Release|x86.ActiveCfg = Release|Win32
		{B87A269C-5A69-49C3-8CAF-1548B442B158}.Release|x86.Build.0 = Release|Win32
		{3B1FACDC-2FB9-4CE7-ABF7-9F88E9F9501E}.Debug|Any CPU.ActiveCfg = Debug|x64
		{3B1FACDC-2FB9-4CE7-ABF7-9F88E9F9501E}.Debug|Any CPU.Build.0 = Debug|x64
		{3B1FACDC-2FB9-4CE7-ABF7-9F88E9F9501E}.Debug|x64.ActiveCfg = Debug|x64
		{3B1FACDC-2FB9-4CE7-ABF7-9F88E9F9501E}.Debug|x64.Build.0 = Debug|x64
		{3B1FACDC-2FB9-4CE7-ABF7-9F88E9F9501E}.Debug|x86.ActiveCfg = Debug|Win32
		{3B1FACDC-2FB9-4CE7-ABF7-9F88E9F9501E}.Debug|x86.Build.0 = Debug|Win32
		{3B1FACDC-2FB9-4CE7-ABF7-9F88E9F9501E}.Release|Any CPU.ActiveCfg = Release|x64
		{3B1FACDC-2FB9-4CE7-ABF7-9F88E9F9501E}.Release|Any CPU.Build.0 = Release|x64
		{3B1FACDC-2FB9-4CE7-ABF7-9F88E9F9501E}.Release|x64.ActiveCfg = Release|x64
		{3B1FACDC-2FB9-4CE7-ABF7-9F88E9F9501E}.Release|x64.Build.0 = Release|x64
		{3B1FACDC-2FB9-4CE7-ABF7-9F88E9F9501E}.Release|x86.ActiveCfg = Release|Win32
		{3B1FACDC-2FB9-4CE7-ABF7-9F88E9F9501E}.Release|x86.Build.0 = Release|Win32
		{62E332FF-297D-4307-B488-878B5C146BD7}.Debug|Any CPU.ActiveCfg = Debug|Any CPU
		{62E332FF-297D-4307-B488-878B5C146BD7}.Debug|Any CPU.Build.0 = Debug|Any CPU
		{62E332FF-297D-4307-B488-878B5C146BD7}.Debug|x64.ActiveCfg = Debug|Any CPU
		{62E332FF-297D-4307-B488-878B5C146BD7}.Debug|x64.Build.0 = Debug|Any CPU
		{62E332FF-297D-4307-B488-878B5C146BD7}.Debug|x86.ActiveCfg = Debug|Any CPU
		{62E332FF-297D-4307-B488-878B5C146BD7}.Debug|x86.Build.0 = Debug|Any CPU
		{62E332FF-297D-4307-B488-878B5C146BD7}.Release|Any CPU.ActiveCfg = Release|Any CPU
		{62E332FF-297D-4307-B488-878B5C146BD7}.Release|Any CPU.Build.0 = Release|Any CPU
		{62E332FF-297D-4307-B488-878B5C146BD7}.Release|x64.ActiveCfg = Release|Any CPU
		{62E332FF-297D-4307-B488-878B5C146BD7}.Release|x64.Build.0 = Release|Any CPU
		{62E332FF-297D-4307-B488-878B5C146BD7}.Release|x86.ActiveCfg = Release|Any CPU
		{62E332FF-297D-4307-B488-878B5C146BD7}.Release|x86.Build.0 = Release|Any CPU
		{FDF92AC7-45DC-4AA9-8D70-61C2A5851708}.Debug|Any CPU.ActiveCfg = Debug|x64
		{FDF92AC7-45DC-4AA9-8D70-61C2A5851708}.Debug|Any CPU.Build.0 = Debug|x64
		{FDF92AC7-45DC-4AA9-8D70-61C2A5851708}.Debug|x64.ActiveCfg = Debug|x64
		{FDF92AC7-45DC-4AA9-8D70-61C2A5851708}.Debug|x64.Build.0 = Debug|x64
		{FDF92AC7-45DC-4AA9-8D70-61C2A5851708}.Debug|x86.ActiveCfg = Debug|Win32
		{FDF92AC7-45DC-4AA9-8D70-61C2A5851708}.Debug|x86.Build.0 = Debug|Win32
		{FDF92AC7-45DC-4AA9-8D70-61C2A5851708}.Release|Any CPU.ActiveCfg = Release|x64
		{FDF92AC7-45DC-4AA9-8D70-61C2A5851708}.Release|Any CPU.Build.0 = Release|x64
		{FDF92AC7-45DC-4AA9-8D70-61C2A5851708}.Release|x64.ActiveCfg = Release|x64
		{FDF92AC7-45DC-4AA9-8D70-61C2A5851708}.Release|x64.Build.0 = Release|x64
		{FDF92AC7-45DC-4AA9-8D70-61C2A5851708}.Release|x86.ActiveCfg = Release|Win32
		{FDF92AC7-45DC-4AA9-8D70-61C2A5851708}.Release|x86.Build.0 = Release|Win32
		{6DEA2DF8-31B3-4EF0-A198-742DCBA8CC66}.Debug|Any CPU.ActiveCfg = Debug|x64
		{6DEA2DF8-31B3-4EF0-A198-742DCBA8CC66}.Debug|Any CPU.Build.0 = Debug|x64
		{6DEA2DF8-31B3-4EF0-A198-742DCBA8CC66}.Debug|x64.ActiveCfg = Debug|x64
		{6DEA2DF8-31B3-4EF0-A198-742DCBA8CC66}.Debug|x64.Build.0 = Debug|x64
		{6DEA2DF8-31B3-4EF0-A198-742DCBA8CC66}.Debug|x86.ActiveCfg = Debug|Win32
		{6DEA2DF8-31B3-4EF0-A198-742DCBA8CC66}.Debug|x86.Build.0 = Debug|Win32
		{6DEA2DF8-31B3-4EF0-A198-742DCBA8CC66}.Release|Any CPU.ActiveCfg = Release|x64
		{6DEA2DF8-31B3-4EF0-A198-742DCBA8CC66}.Release|Any CPU.Build.0 = Release|x64
		{6DEA2DF8-31B3-4EF0-A198-742DCBA8CC66}.Release|x64.ActiveCfg = Release|x64
		{6DEA2DF8-31B3-4EF0-A198-742DCBA8CC66}.Release|x64.Build.0 = Release|x64
		{6DEA2DF8-31B3-4EF0-A198-742DCBA8CC66}.Release|x86.ActiveCfg = Release|Win32
		{6DEA2DF8-31B3-4EF0-A198-742DCBA8CC66}.Release|x86.Build.0 = Release|Win32
		{445E3608-3DCF-45A7-AB70-86DA906CE4E5}.Debug|Any CPU.ActiveCfg = Debug|x64
		{445E3608-3DCF-45A7-AB70-86DA906CE4E5}.Debug|Any CPU.Build.0 = Debug|x64
		{445E3608-3DCF-45A7-AB70-86DA906CE4E5}.Debug|x64.ActiveCfg = Debug|x64
		{445E3608-3DCF-45A7-AB70-86DA906CE4E5}.Debug|x64.Build.0 = Debug|x64
		{445E3608-3DCF-45A7-AB70-86DA906CE4E5}.Debug|x86.ActiveCfg = Debug|Win32
		{445E3608-3DCF-45A7-AB70-86DA906CE4E5}.Debug|x86.Build.0 = Debug|Win32
		{445E3608-3DCF-45A7-AB70-86DA906CE4E5}.Release|Any CPU.ActiveCfg = Release|x64
		{445E3608-3DCF-45A7-AB70-86DA906CE4E5}.Release|Any CPU.Build.0 = Release|x64
		{445E3608-3DCF-45A7-AB70-86DA906CE4E5}.Release|x64.ActiveCfg = Release|x64
		{445E3608-3DCF-45A7-AB70-86DA906CE4E5}.Release|x64.Build.0 = Release|x64
		{445E3608-3DCF-45A7-AB70-86DA906CE4E5}.Release|x86.ActiveCfg = Release|Win32
		{445E3608-3DCF-45A7-AB70-86DA906CE4E5}.Release|x86.Build.0 = Release|Win32
	EndGlobalSection
	GlobalSection(SolutionProperties) = preSolution
		HideSolutionNode = FALSE
	EndGlobalSection
	GlobalSection(ExtensibilityGlobals) = postSolution
		SolutionGuid = {DE507841-EFEE-4AB2-9A1A-D1A917C1509F}
	EndGlobalSection
EndGlobal
