
Microsoft Visual Studio Solution File, Format Version 12.00
# Visual Studio Version 17
VisualStudioVersion = 17.4.33103.184
MinimumVisualStudioVersion = 10.0.40219.1
Project("{8BC9CEB8-8B4A-11D0-8D11-00A0C91BC942}") = "RealTimeAndWeather", "Sonic Frontiers\RealTimeAndWeather\RealTimeAndWeather.vcxproj", "{3B1FACDC-2FB9-4CE7-ABF7-9F88E9F9501E}"
	ProjectSection(ProjectDependencies) = postProject
		{62E332FF-297D-4307-B488-878B5C146BD7} = {62E332FF-297D-4307-B488-878B5C146BD7}
	EndProjectSection
EndProject
Project("{FAE04EC0-301F-11D3-BF4B-00C04F79EFBC}") = "RealTimeAndWeather.Utility", "Sonic Frontiers\RealTimeAndWeather\Utility\RealTimeAndWeather.Utility.csproj", "{62E332FF-297D-4307-B488-878B5C146BD7}"
EndProject
Project("{8BC9CEB8-8B4A-11D0-8D11-00A0C91BC942}") = "DiscordFrontiers", "Sonic Frontiers\DiscordFrontiers\DiscordFrontiers.vcxproj", "{FDF92AC7-45DC-4AA9-8D70-61C2A5851708}"
EndProject
Project("{8BC9CEB8-8B4A-11D0-8D11-00A0C91BC942}") = "BossSelect", "Sonic Frontiers\BossSelect\BossSelect.vcxproj", "{F061BACB-76B8-4D8C-B3FB-6929F6F4105F}"
EndProject
Project("{8BC9CEB8-8B4A-11D0-8D11-00A0C91BC942}") = "DisableSkills", "Sonic Frontiers\DisableSkills\DisableSkills.vcxproj", "{6DEA2DF8-31B3-4EF0-A198-742DCBA8CC66}"
EndProject
Project("{8BC9CEB8-8B4A-11D0-8D11-00A0C91BC942}") = "EnhancedMoveset", "Sonic Frontiers\EnhancedMoveset\EnhancedMoveset.vcxproj", "{19CDFC2A-2452-4528-9A9D-E69A99249E9D}"
EndProject
Project("{8BC9CEB8-8B4A-11D0-8D11-00A0C91BC942}") = "Test", "Sonic Frontiers\Test\Test.vcxproj", "{61763B92-4050-4D9A-AEB0-454CC08E8995}"
EndProject
Global
	GlobalSection(SolutionConfigurationPlatforms) = preSolution
		Debug|Any CPU = Debug|Any CPU
		Debug|x64 = Debug|x64
		Debug|x86 = Debug|x86
		Release|Any CPU = Release|Any CPU
		Release|x64 = Release|x64
		Release|x86 = Release|x86
	EndGlobalSection
	GlobalSection(ProjectConfigurationPlatforms) = postSolution
		{3B1FACDC-2FB9-4CE7-ABF7-9F88E9F9501E}.Debug|Any CPU.ActiveCfg = Debug|x64
		{3B1FACDC-2FB9-4CE7-ABF7-9F88E9F9501E}.Debug|Any CPU.Build.0 = Debug|x64
		{3B1FACDC-2FB9-4CE7-ABF7-9F88E9F9501E}.Debug|x64.ActiveCfg = Debug|x64
		{3B1FACDC-2FB9-4CE7-ABF7-9F88E9F9501E}.Debug|x64.Build.0 = Debug|x64
		{3B1FACDC-2FB9-4CE7-ABF7-9F88E9F9501E}.Debug|x86.ActiveCfg = Debug|Win32
		{3B1FACDC-2FB9-4CE7-ABF7-9F88E9F9501E}.Debug|x86.Build.0 = Debug|Win32
		{3B1FACDC-2FB9-4CE7-ABF7-9F88E9F9501E}.Release|Any CPU.ActiveCfg = Release|x64
		{3B1FACDC-2FB9-4CE7-ABF7-9F88E9F9501E}.Release|Any CPU.Build.0 = Release|x64
		{3B1FACDC-2FB9-4CE7-ABF7-9F88E9F9501E}.Release|x64.ActiveCfg = Release|x64
		{3B1FACDC-2FB9-4CE7-ABF7-9F88E9F9501E}.Release|x64.Build.0 = Release|x64
		{3B1FACDC-2FB9-4CE7-ABF7-9F88E9F9501E}.Release|x86.ActiveCfg = Release|Win32
		{3B1FACDC-2FB9-4CE7-ABF7-9F88E9F9501E}.Release|x86.Build.0 = Release|Win32
		{62E332FF-297D-4307-B488-878B5C146BD7}.Debug|Any CPU.ActiveCfg = Debug|Any CPU
		{62E332FF-297D-4307-B488-878B5C146BD7}.Debug|Any CPU.Build.0 = Debug|Any CPU
		{62E332FF-297D-4307-B488-878B5C146BD7}.Debug|x64.ActiveCfg = Debug|Any CPU
		{62E332FF-297D-4307-B488-878B5C146BD7}.Debug|x64.Build.0 = Debug|Any CPU
		{62E332FF-297D-4307-B488-878B5C146BD7}.Debug|x86.ActiveCfg = Debug|Any CPU
		{62E332FF-297D-4307-B488-878B5C146BD7}.Debug|x86.Build.0 = Debug|Any CPU
		{62E332FF-297D-4307-B488-878B5C146BD7}.Release|Any CPU.ActiveCfg = Release|Any CPU
		{62E332FF-297D-4307-B488-878B5C146BD7}.Release|Any CPU.Build.0 = Release|Any CPU
		{62E332FF-297D-4307-B488-878B5C146BD7}.Release|x64.ActiveCfg = Release|Any CPU
		{62E332FF-297D-4307-B488-878B5C146BD7}.Release|x64.Build.0 = Release|Any CPU
		{62E332FF-297D-4307-B488-878B5C146BD7}.Release|x86.ActiveCfg = Release|Any CPU
		{62E332FF-297D-4307-B488-878B5C146BD7}.Release|x86.Build.0 = Release|Any CPU
		{FDF92AC7-45DC-4AA9-8D70-61C2A5851708}.Debug|Any CPU.ActiveCfg = Debug|x64
		{FDF92AC7-45DC-4AA9-8D70-61C2A5851708}.Debug|Any CPU.Build.0 = Debug|x64
		{FDF92AC7-45DC-4AA9-8D70-61C2A5851708}.Debug|x64.ActiveCfg = Debug|x64
		{FDF92AC7-45DC-4AA9-8D70-61C2A5851708}.Debug|x64.Build.0 = Debug|x64
		{FDF92AC7-45DC-4AA9-8D70-61C2A5851708}.Debug|x86.ActiveCfg = Debug|Win32
		{FDF92AC7-45DC-4AA9-8D70-61C2A5851708}.Debug|x86.Build.0 = Debug|Win32
		{FDF92AC7-45DC-4AA9-8D70-61C2A5851708}.Release|Any CPU.ActiveCfg = Release|x64
		{FDF92AC7-45DC-4AA9-8D70-61C2A5851708}.Release|Any CPU.Build.0 = Release|x64
		{FDF92AC7-45DC-4AA9-8D70-61C2A5851708}.Release|x64.ActiveCfg = Release|x64
		{FDF92AC7-45DC-4AA9-8D70-61C2A5851708}.Release|x64.Build.0 = Release|x64
		{FDF92AC7-45DC-4AA9-8D70-61C2A5851708}.Release|x86.ActiveCfg = Release|Win32
		{FDF92AC7-45DC-4AA9-8D70-61C2A5851708}.Release|x86.Build.0 = Release|Win32
		{F061BACB-76B8-4D8C-B3FB-6929F6F4105F}.Debug|Any CPU.ActiveCfg = Debug|x64
		{F061BACB-76B8-4D8C-B3FB-6929F6F4105F}.Debug|Any CPU.Build.0 = Debug|x64
		{F061BACB-76B8-4D8C-B3FB-6929F6F4105F}.Debug|x64.ActiveCfg = Debug|x64
		{F061BACB-76B8-4D8C-B3FB-6929F6F4105F}.Debug|x64.Build.0 = Debug|x64
		{F061BACB-76B8-4D8C-B3FB-6929F6F4105F}.Debug|x86.ActiveCfg = Debug|Win32
		{F061BACB-76B8-4D8C-B3FB-6929F6F4105F}.Debug|x86.Build.0 = Debug|Win32
		{F061BACB-76B8-4D8C-B3FB-6929F6F4105F}.Release|Any CPU.ActiveCfg = Release|x64
		{F061BACB-76B8-4D8C-B3FB-6929F6F4105F}.Release|Any CPU.Build.0 = Release|x64
		{F061BACB-76B8-4D8C-B3FB-6929F6F4105F}.Release|x64.ActiveCfg = Release|x64
		{F061BACB-76B8-4D8C-B3FB-6929F6F4105F}.Release|x64.Build.0 = Release|x64
		{F061BACB-76B8-4D8C-B3FB-6929F6F4105F}.Release|x86.ActiveCfg = Release|Win32
		{F061BACB-76B8-4D8C-B3FB-6929F6F4105F}.Release|x86.Build.0 = Release|Win32
		{6DEA2DF8-31B3-4EF0-A198-742DCBA8CC66}.Debug|Any CPU.ActiveCfg = Debug|x64
		{6DEA2DF8-31B3-4EF0-A198-742DCBA8CC66}.Debug|Any CPU.Build.0 = Debug|x64
		{6DEA2DF8-31B3-4EF0-A198-742DCBA8CC66}.Debug|x64.ActiveCfg = Debug|x64
		{6DEA2DF8-31B3-4EF0-A198-742DCBA8CC66}.Debug|x64.Build.0 = Debug|x64
		{6DEA2DF8-31B3-4EF0-A198-742DCBA8CC66}.Debug|x86.ActiveCfg = Debug|Win32
		{6DEA2DF8-31B3-4EF0-A198-742DCBA8CC66}.Debug|x86.Build.0 = Debug|Win32
		{6DEA2DF8-31B3-4EF0-A198-742DCBA8CC66}.Release|Any CPU.ActiveCfg = Release|x64
		{6DEA2DF8-31B3-4EF0-A198-742DCBA8CC66}.Release|Any CPU.Build.0 = Release|x64
		{6DEA2DF8-31B3-4EF0-A198-742DCBA8CC66}.Release|x64.ActiveCfg = Release|x64
		{6DEA2DF8-31B3-4EF0-A198-742DCBA8CC66}.Release|x64.Build.0 = Release|x64
		{6DEA2DF8-31B3-4EF0-A198-742DCBA8CC66}.Release|x86.ActiveCfg = Release|Win32
		{6DEA2DF8-31B3-4EF0-A198-742DCBA8CC66}.Release|x86.Build.0 = Release|Win32
		{19CDFC2A-2452-4528-9A9D-E69A99249E9D}.Debug|Any CPU.ActiveCfg = Debug|x64
		{19CDFC2A-2452-4528-9A9D-E69A99249E9D}.Debug|Any CPU.Build.0 = Debug|x64
		{19CDFC2A-2452-4528-9A9D-E69A99249E9D}.Debug|x64.ActiveCfg = Debug|x64
		{19CDFC2A-2452-4528-9A9D-E69A99249E9D}.Debug|x64.Build.0 = Debug|x64
		{19CDFC2A-2452-4528-9A9D-E69A99249E9D}.Debug|x86.ActiveCfg = Debug|Win32
		{19CDFC2A-2452-4528-9A9D-E69A99249E9D}.Debug|x86.Build.0 = Debug|Win32
		{19CDFC2A-2452-4528-9A9D-E69A99249E9D}.Release|Any CPU.ActiveCfg = Release|x64
		{19CDFC2A-2452-4528-9A9D-E69A99249E9D}.Release|Any CPU.Build.0 = Release|x64
		{19CDFC2A-2452-4528-9A9D-E69A99249E9D}.Release|x64.ActiveCfg = Release|x64
		{19CDFC2A-2452-4528-9A9D-E69A99249E9D}.Release|x64.Build.0 = Release|x64
		{19CDFC2A-2452-4528-9A9D-E69A99249E9D}.Release|x86.ActiveCfg = Release|Win32
		{19CDFC2A-2452-4528-9A9D-E69A99249E9D}.Release|x86.Build.0 = Release|Win32
		{61763B92-4050-4D9A-AEB0-454CC08E8995}.Debug|Any CPU.ActiveCfg = Debug|x64
		{61763B92-4050-4D9A-AEB0-454CC08E8995}.Debug|Any CPU.Build.0 = Debug|x64
		{61763B92-4050-4D9A-AEB0-454CC08E8995}.Debug|x64.ActiveCfg = Debug|x64
		{61763B92-4050-4D9A-AEB0-454CC08E8995}.Debug|x64.Build.0 = Debug|x64
		{61763B92-4050-4D9A-AEB0-454CC08E8995}.Debug|x86.ActiveCfg = Debug|Win32
		{61763B92-4050-4D9A-AEB0-454CC08E8995}.Debug|x86.Build.0 = Debug|Win32
		{61763B92-4050-4D9A-AEB0-454CC08E8995}.Release|Any CPU.ActiveCfg = Release|x64
		{61763B92-4050-4D9A-AEB0-454CC08E8995}.Release|Any CPU.Build.0 = Release|x64
		{61763B92-4050-4D9A-AEB0-454CC08E8995}.Release|x64.ActiveCfg = Release|x64
		{61763B92-4050-4D9A-AEB0-454CC08E8995}.Release|x64.Build.0 = Release|x64
		{61763B92-4050-4D9A-AEB0-454CC08E8995}.Release|x86.ActiveCfg = Release|Win32
		{61763B92-4050-4D9A-AEB0-454CC08E8995}.Release|x86.Build.0 = Release|Win32
	EndGlobalSection
	GlobalSection(SolutionProperties) = preSolution
		HideSolutionNode = FALSE
	EndGlobalSection
	GlobalSection(ExtensibilityGlobals) = postSolution
		SolutionGuid = {DE507841-EFEE-4AB2-9A1A-D1A917C1509F}
	EndGlobalSection
EndGlobal
