<?xml version="1.0" encoding="utf-8"?>
<Project ToolsVersion="4.0" xmlns="http://schemas.microsoft.com/developer/msbuild/2003">
  <ItemGroup>
    <ClInclude Include="Pch.h" />
    <ClInclude Include="Dependencies\Detours\include\detours.h">
      <Filter>Dependencies\Detours\include</Filter>
    </ClInclude>
    <ClInclude Include="Dependencies\Detours\include\detver.h">
      <Filter>Dependencies\Detours\include</Filter>
    </ClInclude>
    <ClInclude Include="Dependencies\Detours\include\syelog.h">
      <Filter>Dependencies\Detours\include</Filter>
    </ClInclude>
    <ClInclude Include="Patches.h" />
    <ClInclude Include="dependencies\INIReader.h">
      <Filter>Dependencies</Filter>
    </ClInclude>
    <ClInclude Include="Configuration.h" />
    <ClInclude Include="LuaCallback.h" />
    <ClInclude Include="dependencies\Lua542\include\lauxlib.h">
      <Filter>Dependencies\Lua542\include</Filter>
    </ClInclude>
    <ClInclude Include="dependencies\Lua542\include\lua.h">
      <Filter>Dependencies\Lua542\include</Filter>
    </ClInclude>
    <ClInclude Include="dependencies\Lua542\include\lua.hpp">
      <Filter>Dependencies\Lua542\include</Filter>
    </ClInclude>
    <ClInclude Include="dependencies\Lua542\include\luaconf.h">
      <Filter>Dependencies\Lua542\include</Filter>
    </ClInclude>
    <ClInclude Include="dependencies\Lua542\include\lualib.h">
      <Filter>Dependencies\Lua542\include</Filter>
    </ClInclude>
    <ClInclude Include="Tables.h" />
    <ClInclude Include="StatisticsListener.h" />
    <ClInclude Include="MultiplierListener.h" />
    <ClInclude Include="PlayerListener.h" />
    <ClInclude Include="ResultListener.h" />
    <ClInclude Include="ScoreListener.h" />
    <ClInclude Include="CodeInterceptor.h" />
    <ClInclude Include="Helpers.h" />
    <ClInclude Include="IOHelper.h" />
    <ClInclude Include="Loader.h" />
    <ClInclude Include="StringHelper.h" />
    <ClInclude Include="ArchiveTreePatcher.h" />
    <ClInclude Include="HudSonicStage.h" />
    <ClInclude Include="ScoreHooks.h" />
    <ClInclude Include="StateHooks.h" />
  </ItemGroup>
  <ItemGroup>
    <ClCompile Include="DllMain.cpp" />
    <ClCompile Include="Mod.cpp" />
    <ClCompile Include="Pch.cpp" />
    <ClCompile Include="Patches.cpp" />
    <ClCompile Include="Configuration.cpp" />
    <ClCompile Include="LuaCallback.cpp" />
    <ClCompile Include="Tables.cpp" />
    <ClCompile Include="MultiplierListener.cpp" />
    <ClCompile Include="PlayerListener.cpp" />
    <ClCompile Include="ResultListener.cpp" />
    <ClCompile Include="ScoreListener.cpp" />
    <ClCompile Include="StatisticsListener.cpp" />
    <ClCompile Include="CodeInterceptor.cpp" />
    <ClCompile Include="IOHelper.cpp" />
    <ClCompile Include="Loader.cpp" />
    <ClCompile Include="StringHelper.cpp" />
    <ClCompile Include="ArchiveTreePatcher.cpp" />
    <ClCompile Include="HudSonicStage.cpp" />
    <ClCompile Include="ScoreHooks.cpp" />
    <ClCompile Include="StateHooks.cpp" />
  </ItemGroup>
  <ItemGroup>
    <Filter Include="Dependencies">
      <UniqueIdentifier>{f5697e5c-9474-4c63-a92d-e047fc6692f6}</UniqueIdentifier>
    </Filter>
    <Filter Include="Dependencies\Detours">
      <UniqueIdentifier>{85ba7ea6-f22a-4697-9548-62c26d3be628}</UniqueIdentifier>
    </Filter>
    <Filter Include="Dependencies\Detours\lib">
      <UniqueIdentifier>{09dbd0a7-6765-4610-9214-041ab869c477}</UniqueIdentifier>
    </Filter>
    <Filter Include="Dependencies\Detours\include">
      <UniqueIdentifier>{93708190-5906-4db7-b13b-dff27f636afb}</UniqueIdentifier>
    </Filter>
    <Filter Include="Dependencies\Detours\lib\x86">
      <UniqueIdentifier>{18983a62-1a77-4f06-b903-ba42ba572101}</UniqueIdentifier>
    </Filter>
    <Filter Include="Dependencies\Detours\lib\x64">
      <UniqueIdentifier>{737983fc-3a8e-4a50-b3bc-7bd1e5145ad5}</UniqueIdentifier>
    </Filter>
    <Filter Include="Dependencies\Lua542">
      <UniqueIdentifier>{2570cd49-fc56-421a-a4de-ae20ff3bf408}</UniqueIdentifier>
    </Filter>
    <Filter Include="Dependencies\Lua542\include">
      <UniqueIdentifier>{bda2539d-2185-4253-918d-97e85b8546ee}</UniqueIdentifier>
    </Filter>
  </ItemGroup>
  <ItemGroup>
    <Library Include="Dependencies\Detours\lib\x64\detours.lib">
      <Filter>Dependencies\Detours\lib\x64</Filter>
    </Library>
    <Library Include="Dependencies\Detours\lib\x64\syelog.lib">
      <Filter>Dependencies\Detours\lib\x64</Filter>
    </Library>
    <Library Include="Dependencies\Detours\lib\x86\detours.lib">
      <Filter>Dependencies\Detours\lib\x86</Filter>
    </Library>
    <Library Include="Dependencies\Detours\lib\x86\syelog.lib">
      <Filter>Dependencies\Detours\lib\x86</Filter>
    </Library>
    <Library Include="dependencies\Lua542\lua54.lib">
      <Filter>Dependencies\Lua542</Filter>
    </Library>
  </ItemGroup>
  <ItemGroup>
    <None Include="Dependencies\Detours\lib\x64\detours.pdb">
      <Filter>Dependencies\Detours\lib\x64</Filter>
    </None>
    <None Include="Dependencies\Detours\lib\x86\detours.pdb">
      <Filter>Dependencies\Detours\lib\x86</Filter>
    </None>
    <None Include="dependencies\Lua542\lua54.dll">
      <Filter>Dependencies\Lua542</Filter>
    </None>
  </ItemGroup>
</Project>