<?xml version="1.0" encoding="utf-8"?>
<Project ToolsVersion="4.0" xmlns="http://schemas.microsoft.com/developer/msbuild/2003">
  <ItemGroup>
    <ClInclude Include="Pch.h" />
    <ClInclude Include="BlackboardHelper.h" />
    <ClInclude Include="BlackboardStatus.h" />
    <ClInclude Include="Player.h" />
    <ClInclude Include="PlayerParameters.h" />
    <ClInclude Include="Reflection.h" />
    <ClInclude Include="Configuration.h" />
  </ItemGroup>
  <ItemGroup>
    <ClCompile Include="DllMain.cpp" />
    <ClCompile Include="Mod.cpp" />
    <ClCompile Include="Pch.cpp" />
    <ClCompile Include="Player.cpp" />
    <ClCompile Include="Reflection.cpp" />
    <ClCompile Include="Configuration.cpp" />
  </ItemGroup>
</Project>