<?xml version="1.0" encoding="utf-8"?>
<Project ToolsVersion="4.0" xmlns="http://schemas.microsoft.com/developer/msbuild/2003">
  <ItemGroup>
    <ClInclude Include="Pch.h" />
    <ClInclude Include="GameModeListener.h" />
    <ClInclude Include="Discord.h" />
    <ClInclude Include="BossListener.h" />
    <ClInclude Include="Configuration.h" />
  </ItemGroup>
  <ItemGroup>
    <ClCompile Include="DllMain.cpp" />
    <ClCompile Include="Mod.cpp" />
    <ClCompile Include="Pch.cpp" />
    <ClCompile Include="GameModeListener.cpp" />
    <ClCompile Include="Discord.cpp" />
    <ClCompile Include="BossListener.cpp" />
    <ClCompile Include="Configuration.cpp" />
  </ItemGroup>
</Project>