<?xml version="1.0" encoding="utf-8"?>
<Project ToolsVersion="4.0" xmlns="http://schemas.microsoft.com/developer/msbuild/2003">
  <ItemGroup>
    <ClInclude Include="Pch.h" />
    <ClInclude Include="Patches.h" />
    <ClInclude Include="Configuration.h" />
    <ClInclude Include="LuaCallback.h" />
    <ClInclude Include="StatisticsListener.h" />
    <ClInclude Include="MultiplierListener.h" />
    <ClInclude Include="ResultListener.h" />
    <ClInclude Include="ScoreListener.h" />
    <ClInclude Include="Loader.h" />
    <ClInclude Include="ArchiveTreePatcher.h" />
    <ClInclude Include="HudSonicStage.h" />
    <ClInclude Include="ScoreHooks.h" />
    <ClInclude Include="StateHooks.h" />
    <ClInclude Include="TableListener.h" />
    <ClInclude Include="lib\ScoreGenerationsAPI.h">
      <Filter>lib</Filter>
    </ClInclude>
    <ClInclude Include="lib\Statistics.h">
      <Filter>lib</Filter>
    </ClInclude>
    <ClInclude Include="lib\Tables.h">
      <Filter>lib</Filter>
    </ClInclude>
    <ClInclude Include="Memory.h" />
  </ItemGroup>
  <ItemGroup>
    <ClCompile Include="DllMain.cpp" />
    <ClCompile Include="Mod.cpp" />
    <ClCompile Include="Pch.cpp" />
    <ClCompile Include="Patches.cpp" />
    <ClCompile Include="Configuration.cpp" />
    <ClCompile Include="LuaCallback.cpp" />
    <ClCompile Include="MultiplierListener.cpp" />
    <ClCompile Include="ResultListener.cpp" />
    <ClCompile Include="ScoreListener.cpp" />
    <ClCompile Include="StatisticsListener.cpp" />
    <ClCompile Include="Loader.cpp" />
    <ClCompile Include="ArchiveTreePatcher.cpp" />
    <ClCompile Include="HudSonicStage.cpp" />
    <ClCompile Include="ScoreHooks.cpp" />
    <ClCompile Include="StateHooks.cpp" />
    <ClCompile Include="ApiExports.cpp" />
  </ItemGroup>
  <ItemGroup>
    <Filter Include="lib">
      <UniqueIdentifier>{07842645-e56c-4a33-a46c-770ba09821a9}</UniqueIdentifier>
    </Filter>
  </ItemGroup>
</Project>