<?xml version="1.0" encoding="utf-8"?>
<Project ToolsVersion="4.0" xmlns="http://schemas.microsoft.com/developer/msbuild/2003">
  <ItemGroup>
    <ClCompile Include="DllMain.cpp" />
    <ClCompile Include="Mod.cpp" />
    <ClCompile Include="Pch.cpp" />
    <ClCompile Include="Configuration.cpp" />
    <ClCompile Include="BgmService.cpp" />
  </ItemGroup>
  <ItemGroup>
    <ClInclude Include="Pch.h" />
    <ClInclude Include="BgmIdExtension.h" />
    <ClInclude Include="Configuration.h" />
    <ClInclude Include="BgmService.h" />
  </ItemGroup>
</Project>