<?xml version="1.0" encoding="utf-8"?>
<Project ToolsVersion="4.0" xmlns="http://schemas.microsoft.com/developer/msbuild/2003">
  <ItemGroup>
    <ClInclude Include="Pch.h" />
    <ClInclude Include="MsgPhotoModeStart.h" />
    <ClInclude Include="MsgPhotoModeEnd.h" />
    <ClInclude Include="MsgSuspendWorld.h" />
    <ClInclude Include="MsgResumeWorld.h" />
    <ClInclude Include="DearImGuiContext.h" />
    <ClInclude Include="MsgPlayAnimation.h" />
    <ClInclude Include="Camera.h" />
    <ClInclude Include="MsgUISetGameCockpitEnabled.h" />
    <ClInclude Include="MsgUISetGameCockpitVisibility.h" />
    <ClInclude Include="Configuration.h" />
  </ItemGroup>
  <ItemGroup>
    <ClCompile Include="DllMain.cpp" />
    <ClCompile Include="Mod.cpp" />
    <ClCompile Include="Pch.cpp" />
    <ClCompile Include="DearImGuiContext.cpp" />
    <ClCompile Include="Camera.cpp" />
    <ClCompile Include="Configuration.cpp" />
    <ClCompile Include="..\..\Dependencies\imgui\imgui.cpp">
      <Filter>ImGui</Filter>
    </ClCompile>
    <ClCompile Include="..\..\Dependencies\imgui\imgui_demo.cpp">
      <Filter>ImGui</Filter>
    </ClCompile>
    <ClCompile Include="..\..\Dependencies\imgui\imgui_draw.cpp">
      <Filter>ImGui</Filter>
    </ClCompile>
    <ClCompile Include="..\..\Dependencies\imgui\backends\imgui_impl_dx11.cpp">
      <Filter>ImGui</Filter>
    </ClCompile>
    <ClCompile Include="..\..\Dependencies\imgui\backends\imgui_impl_win32.cpp">
      <Filter>ImGui</Filter>
    </ClCompile>
    <ClCompile Include="..\..\Dependencies\imgui\imgui_tables.cpp">
      <Filter>ImGui</Filter>
    </ClCompile>
    <ClCompile Include="..\..\Dependencies\imgui\imgui_widgets.cpp">
      <Filter>ImGui</Filter>
    </ClCompile>
  </ItemGroup>
  <ItemGroup>
    <Filter Include="ImGui">
      <UniqueIdentifier>{fcb99020-eafd-482c-a986-8d966280ebe5}</UniqueIdentifier>
    </Filter>
  </ItemGroup>
</Project>